
Microsoft Visual Studio Solution File, Format Version 12.00
# Visual Studio 15
VisualStudioVersion = 15.0.28010.2003
MinimumVisualStudioVersion = 10.0.40219.1
Project("{FAE04EC0-301F-11D3-BF4B-00C04F79EFBC}") = "InventoryApp.Android", "InventoryApp\InventoryApp.Android\InventoryApp.Android.csproj", "{5422D70D-E3B4-4737-9D4D-97D62B0F12F0}"
EndProject
Project("{FAE04EC0-301F-11D3-BF4B-00C04F79EFBC}") = "InventoryApp.iOS", "InventoryApp\InventoryApp.iOS\InventoryApp.iOS.csproj", "{AF87444C-8C94-4C7A-9AAA-E17ABB6AFDBC}"
EndProject
Project("{FAE04EC0-301F-11D3-BF4B-00C04F79EFBC}") = "InventoryApp.UWP", "InventoryApp\InventoryApp.UWP\InventoryApp.UWP.csproj", "{BA954F70-62B9-46FD-A04B-390EFCAC33EA}"
EndProject
Project("{FAE04EC0-301F-11D3-BF4B-00C04F79EFBC}") = "InventoryApp", "InventoryApp\InventoryApp\InventoryApp.csproj", "{6C47A0C7-8DFF-4AFB-8E37-3934BB4905BE}"
EndProject
Global
	GlobalSection(SolutionConfigurationPlatforms) = preSolution
		Ad-Hoc|Any CPU = Ad-Hoc|Any CPU
		Ad-Hoc|ARM = Ad-Hoc|ARM
		Ad-Hoc|iPhone = Ad-Hoc|iPhone
		Ad-Hoc|iPhoneSimulator = Ad-Hoc|iPhoneSimulator
		Ad-Hoc|x64 = Ad-Hoc|x64
		Ad-Hoc|x86 = Ad-Hoc|x86
		AppStore|Any CPU = AppStore|Any CPU
		AppStore|ARM = AppStore|ARM
		AppStore|iPhone = AppStore|iPhone
		AppStore|iPhoneSimulator = AppStore|iPhoneSimulator
		AppStore|x64 = AppStore|x64
		AppStore|x86 = AppStore|x86
		Debug|Any CPU = Debug|Any CPU
		Debug|ARM = Debug|ARM
		Debug|iPhone = Debug|iPhone
		Debug|iPhoneSimulator = Debug|iPhoneSimulator
		Debug|x64 = Debug|x64
		Debug|x86 = Debug|x86
		Release|Any CPU = Release|Any CPU
		Release|ARM = Release|ARM
		Release|iPhone = Release|iPhone
		Release|iPhoneSimulator = Release|iPhoneSimulator
		Release|x64 = Release|x64
		Release|x86 = Release|x86
	EndGlobalSection
	GlobalSection(ProjectConfigurationPlatforms) = postSolution
		{5422D70D-E3B4-4737-9D4D-97D62B0F12F0}.Ad-Hoc|Any CPU.ActiveCfg = Release|Any CPU
		{5422D70D-E3B4-4737-9D4D-97D62B0F12F0}.Ad-Hoc|Any CPU.Build.0 = Release|Any CPU
		{5422D70D-E3B4-4737-9D4D-97D62B0F12F0}.Ad-Hoc|Any CPU.Deploy.0 = Release|Any CPU
		{5422D70D-E3B4-4737-9D4D-97D62B0F12F0}.Ad-Hoc|ARM.ActiveCfg = Release|Any CPU
		{5422D70D-E3B4-4737-9D4D-97D62B0F12F0}.Ad-Hoc|ARM.Build.0 = Release|Any CPU
		{5422D70D-E3B4-4737-9D4D-97D62B0F12F0}.Ad-Hoc|ARM.Deploy.0 = Release|Any CPU
		{5422D70D-E3B4-4737-9D4D-97D62B0F12F0}.Ad-Hoc|iPhone.ActiveCfg = Release|Any CPU
		{5422D70D-E3B4-4737-9D4D-97D62B0F12F0}.Ad-Hoc|iPhone.Build.0 = Release|Any CPU
		{5422D70D-E3B4-4737-9D4D-97D62B0F12F0}.Ad-Hoc|iPhone.Deploy.0 = Release|Any CPU
		{5422D70D-E3B4-4737-9D4D-97D62B0F12F0}.Ad-Hoc|iPhoneSimulator.ActiveCfg = Release|Any CPU
		{5422D70D-E3B4-4737-9D4D-97D62B0F12F0}.Ad-Hoc|iPhoneSimulator.Build.0 = Release|Any CPU
		{5422D70D-E3B4-4737-9D4D-97D62B0F12F0}.Ad-Hoc|iPhoneSimulator.Deploy.0 = Release|Any CPU
		{5422D70D-E3B4-4737-9D4D-97D62B0F12F0}.Ad-Hoc|x64.ActiveCfg = Release|Any CPU
		{5422D70D-E3B4-4737-9D4D-97D62B0F12F0}.Ad-Hoc|x64.Build.0 = Release|Any CPU
		{5422D70D-E3B4-4737-9D4D-97D62B0F12F0}.Ad-Hoc|x64.Deploy.0 = Release|Any CPU
		{5422D70D-E3B4-4737-9D4D-97D62B0F12F0}.Ad-Hoc|x86.ActiveCfg = Release|Any CPU
		{5422D70D-E3B4-4737-9D4D-97D62B0F12F0}.Ad-Hoc|x86.Build.0 = Release|Any CPU
		{5422D70D-E3B4-4737-9D4D-97D62B0F12F0}.Ad-Hoc|x86.Deploy.0 = Release|Any CPU
		{5422D70D-E3B4-4737-9D4D-97D62B0F12F0}.AppStore|Any CPU.ActiveCfg = Release|Any CPU
		{5422D70D-E3B4-4737-9D4D-97D62B0F12F0}.AppStore|Any CPU.Build.0 = Release|Any CPU
		{5422D70D-E3B4-4737-9D4D-97D62B0F12F0}.AppStore|Any CPU.Deploy.0 = Release|Any CPU
		{5422D70D-E3B4-4737-9D4D-97D62B0F12F0}.AppStore|ARM.ActiveCfg = Release|Any CPU
		{5422D70D-E3B4-4737-9D4D-97D62B0F12F0}.AppStore|ARM.Build.0 = Release|Any CPU
		{5422D70D-E3B4-4737-9D4D-97D62B0F12F0}.AppStore|ARM.Deploy.0 = Release|Any CPU
		{5422D70D-E3B4-4737-9D4D-97D62B0F12F0}.AppStore|iPhone.ActiveCfg = Release|Any CPU
		{5422D70D-E3B4-4737-9D4D-97D62B0F12F0}.AppStore|iPhone.Build.0 = Release|Any CPU
		{5422D70D-E3B4-4737-9D4D-97D62B0F12F0}.AppStore|iPhone.Deploy.0 = Release|Any CPU
		{5422D70D-E3B4-4737-9D4D-97D62B0F12F0}.AppStore|iPhoneSimulator.ActiveCfg = Release|Any CPU
		{5422D70D-E3B4-4737-9D4D-97D62B0F12F0}.AppStore|iPhoneSimulator.Build.0 = Release|Any CPU
		{5422D70D-E3B4-4737-9D4D-97D62B0F12F0}.AppStore|iPhoneSimulator.Deploy.0 = Release|Any CPU
		{5422D70D-E3B4-4737-9D4D-97D62B0F12F0}.AppStore|x64.ActiveCfg = Release|Any CPU
		{5422D70D-E3B4-4737-9D4D-97D62B0F12F0}.AppStore|x64.Build.0 = Release|Any CPU
		{5422D70D-E3B4-4737-9D4D-97D62B0F12F0}.AppStore|x64.Deploy.0 = Release|Any CPU
		{5422D70D-E3B4-4737-9D4D-97D62B0F12F0}.AppStore|x86.ActiveCfg = Release|Any CPU
		{5422D70D-E3B4-4737-9D4D-97D62B0F12F0}.AppStore|x86.Build.0 = Release|Any CPU
		{5422D70D-E3B4-4737-9D4D-97D62B0F12F0}.AppStore|x86.Deploy.0 = Release|Any CPU
		{5422D70D-E3B4-4737-9D4D-97D62B0F12F0}.Debug|Any CPU.ActiveCfg = Debug|Any CPU
		{5422D70D-E3B4-4737-9D4D-97D62B0F12F0}.Debug|Any CPU.Build.0 = Debug|Any CPU
		{5422D70D-E3B4-4737-9D4D-97D62B0F12F0}.Debug|Any CPU.Deploy.0 = Debug|Any CPU
		{5422D70D-E3B4-4737-9D4D-97D62B0F12F0}.Debug|ARM.ActiveCfg = Debug|Any CPU
		{5422D70D-E3B4-4737-9D4D-97D62B0F12F0}.Debug|ARM.Build.0 = Debug|Any CPU
		{5422D70D-E3B4-4737-9D4D-97D62B0F12F0}.Debug|ARM.Deploy.0 = Debug|Any CPU
		{5422D70D-E3B4-4737-9D4D-97D62B0F12F0}.Debug|iPhone.ActiveCfg = Debug|Any CPU
		{5422D70D-E3B4-4737-9D4D-97D62B0F12F0}.Debug|iPhone.Build.0 = Debug|Any CPU
		{5422D70D-E3B4-4737-9D4D-97D62B0F12F0}.Debug|iPhone.Deploy.0 = Debug|Any CPU
		{5422D70D-E3B4-4737-9D4D-97D62B0F12F0}.Debug|iPhoneSimulator.ActiveCfg = Debug|Any CPU
		{5422D70D-E3B4-4737-9D4D-97D62B0F12F0}.Debug|iPhoneSimulator.Build.0 = Debug|Any CPU
		{5422D70D-E3B4-4737-9D4D-97D62B0F12F0}.Debug|iPhoneSimulator.Deploy.0 = Debug|Any CPU
		{5422D70D-E3B4-4737-9D4D-97D62B0F12F0}.Debug|x64.ActiveCfg = Debug|Any CPU
		{5422D70D-E3B4-4737-9D4D-97D62B0F12F0}.Debug|x64.Build.0 = Debug|Any CPU
		{5422D70D-E3B4-4737-9D4D-97D62B0F12F0}.Debug|x64.Deploy.0 = Debug|Any CPU
		{5422D70D-E3B4-4737-9D4D-97D62B0F12F0}.Debug|x86.ActiveCfg = Debug|Any CPU
		{5422D70D-E3B4-4737-9D4D-97D62B0F12F0}.Debug|x86.Build.0 = Debug|Any CPU
		{5422D70D-E3B4-4737-9D4D-97D62B0F12F0}.Debug|x86.Deploy.0 = Debug|Any CPU
		{5422D70D-E3B4-4737-9D4D-97D62B0F12F0}.Release|Any CPU.ActiveCfg = Release|Any CPU
		{5422D70D-E3B4-4737-9D4D-97D62B0F12F0}.Release|Any CPU.Build.0 = Release|Any CPU
		{5422D70D-E3B4-4737-9D4D-97D62B0F12F0}.Release|Any CPU.Deploy.0 = Release|Any CPU
		{5422D70D-E3B4-4737-9D4D-97D62B0F12F0}.Release|ARM.ActiveCfg = Release|Any CPU
		{5422D70D-E3B4-4737-9D4D-97D62B0F12F0}.Release|ARM.Build.0 = Release|Any CPU
		{5422D70D-E3B4-4737-9D4D-97D62B0F12F0}.Release|ARM.Deploy.0 = Release|Any CPU
		{5422D70D-E3B4-4737-9D4D-97D62B0F12F0}.Release|iPhone.ActiveCfg = Release|Any CPU
		{5422D70D-E3B4-4737-9D4D-97D62B0F12F0}.Release|iPhone.Build.0 = Release|Any CPU
		{5422D70D-E3B4-4737-9D4D-97D62B0F12F0}.Release|iPhone.Deploy.0 = Release|Any CPU
		{5422D70D-E3B4-4737-9D4D-97D62B0F12F0}.Release|iPhoneSimulator.ActiveCfg = Release|Any CPU
		{5422D70D-E3B4-4737-9D4D-97D62B0F12F0}.Release|iPhoneSimulator.Build.0 = Release|Any CPU
		{5422D70D-E3B4-4737-9D4D-97D62B0F12F0}.Release|iPhoneSimulator.Deploy.0 = Release|Any CPU
		{5422D70D-E3B4-4737-9D4D-97D62B0F12F0}.Release|x64.ActiveCfg = Release|Any CPU
		{5422D70D-E3B4-4737-9D4D-97D62B0F12F0}.Release|x64.Build.0 = Release|Any CPU
		{5422D70D-E3B4-4737-9D4D-97D62B0F12F0}.Release|x64.Deploy.0 = Release|Any CPU
		{5422D70D-E3B4-4737-9D4D-97D62B0F12F0}.Release|x86.ActiveCfg = Release|Any CPU
		{5422D70D-E3B4-4737-9D4D-97D62B0F12F0}.Release|x86.Build.0 = Release|Any CPU
		{5422D70D-E3B4-4737-9D4D-97D62B0F12F0}.Release|x86.Deploy.0 = Release|Any CPU
		{AF87444C-8C94-4C7A-9AAA-E17ABB6AFDBC}.Ad-Hoc|Any CPU.ActiveCfg = Ad-Hoc|iPhone
		{AF87444C-8C94-4C7A-9AAA-E17ABB6AFDBC}.Ad-Hoc|Any CPU.Build.0 = Ad-Hoc|iPhone
		{AF87444C-8C94-4C7A-9AAA-E17ABB6AFDBC}.Ad-Hoc|Any CPU.Deploy.0 = Ad-Hoc|iPhone
		{AF87444C-8C94-4C7A-9AAA-E17ABB6AFDBC}.Ad-Hoc|ARM.ActiveCfg = Ad-Hoc|iPhone
		{AF87444C-8C94-4C7A-9AAA-E17ABB6AFDBC}.Ad-Hoc|ARM.Build.0 = Ad-Hoc|iPhone
		{AF87444C-8C94-4C7A-9AAA-E17ABB6AFDBC}.Ad-Hoc|ARM.Deploy.0 = Ad-Hoc|iPhone
		{AF87444C-8C94-4C7A-9AAA-E17ABB6AFDBC}.Ad-Hoc|iPhone.ActiveCfg = Ad-Hoc|iPhone
		{AF87444C-8C94-4C7A-9AAA-E17ABB6AFDBC}.Ad-Hoc|iPhone.Build.0 = Ad-Hoc|iPhone
		{AF87444C-8C94-4C7A-9AAA-E17ABB6AFDBC}.Ad-Hoc|iPhone.Deploy.0 = Ad-Hoc|iPhone
		{AF87444C-8C94-4C7A-9AAA-E17ABB6AFDBC}.Ad-Hoc|iPhoneSimulator.ActiveCfg = Ad-Hoc|iPhoneSimulator
		{AF87444C-8C94-4C7A-9AAA-E17ABB6AFDBC}.Ad-Hoc|iPhoneSimulator.Build.0 = Ad-Hoc|iPhoneSimulator
		{AF87444C-8C94-4C7A-9AAA-E17ABB6AFDBC}.Ad-Hoc|iPhoneSimulator.Deploy.0 = Ad-Hoc|iPhoneSimulator
		{AF87444C-8C94-4C7A-9AAA-E17ABB6AFDBC}.Ad-Hoc|x64.ActiveCfg = Ad-Hoc|iPhone
		{AF87444C-8C94-4C7A-9AAA-E17ABB6AFDBC}.Ad-Hoc|x64.Build.0 = Ad-Hoc|iPhone
		{AF87444C-8C94-4C7A-9AAA-E17ABB6AFDBC}.Ad-Hoc|x64.Deploy.0 = Ad-Hoc|iPhone
		{AF87444C-8C94-4C7A-9AAA-E17ABB6AFDBC}.Ad-Hoc|x86.ActiveCfg = Ad-Hoc|iPhone
		{AF87444C-8C94-4C7A-9AAA-E17ABB6AFDBC}.Ad-Hoc|x86.Build.0 = Ad-Hoc|iPhone
		{AF87444C-8C94-4C7A-9AAA-E17ABB6AFDBC}.Ad-Hoc|x86.Deploy.0 = Ad-Hoc|iPhone
		{AF87444C-8C94-4C7A-9AAA-E17ABB6AFDBC}.AppStore|Any CPU.ActiveCfg = AppStore|iPhone
		{AF87444C-8C94-4C7A-9AAA-E17ABB6AFDBC}.AppStore|Any CPU.Build.0 = AppStore|iPhone
		{AF87444C-8C94-4C7A-9AAA-E17ABB6AFDBC}.AppStore|Any CPU.Deploy.0 = AppStore|iPhone
		{AF87444C-8C94-4C7A-9AAA-E17ABB6AFDBC}.AppStore|ARM.ActiveCfg = AppStore|iPhone
		{AF87444C-8C94-4C7A-9AAA-E17ABB6AFDBC}.AppStore|ARM.Build.0 = AppStore|iPhone
		{AF87444C-8C94-4C7A-9AAA-E17ABB6AFDBC}.AppStore|ARM.Deploy.0 = AppStore|iPhone
		{AF87444C-8C94-4C7A-9AAA-E17ABB6AFDBC}.AppStore|iPhone.ActiveCfg = AppStore|iPhone
		{AF87444C-8C94-4C7A-9AAA-E17ABB6AFDBC}.AppStore|iPhone.Build.0 = AppStore|iPhone
		{AF87444C-8C94-4C7A-9AAA-E17ABB6AFDBC}.AppStore|iPhone.Deploy.0 = AppStore|iPhone
		{AF87444C-8C94-4C7A-9AAA-E17ABB6AFDBC}.AppStore|iPhoneSimulator.ActiveCfg = AppStore|iPhoneSimulator
		{AF87444C-8C94-4C7A-9AAA-E17ABB6AFDBC}.AppStore|iPhoneSimulator.Build.0 = AppStore|iPhoneSimulator
		{AF87444C-8C94-4C7A-9AAA-E17ABB6AFDBC}.AppStore|iPhoneSimulator.Deploy.0 = AppStore|iPhoneSimulator
		{AF87444C-8C94-4C7A-9AAA-E17ABB6AFDBC}.AppStore|x64.ActiveCfg = AppStore|iPhone
		{AF87444C-8C94-4C7A-9AAA-E17ABB6AFDBC}.AppStore|x64.Build.0 = AppStore|iPhone
		{AF87444C-8C94-4C7A-9AAA-E17ABB6AFDBC}.AppStore|x64.Deploy.0 = AppStore|iPhone
		{AF87444C-8C94-4C7A-9AAA-E17ABB6AFDBC}.AppStore|x86.ActiveCfg = AppStore|iPhone
		{AF87444C-8C94-4C7A-9AAA-E17ABB6AFDBC}.AppStore|x86.Build.0 = AppStore|iPhone
		{AF87444C-8C94-4C7A-9AAA-E17ABB6AFDBC}.AppStore|x86.Deploy.0 = AppStore|iPhone
		{AF87444C-8C94-4C7A-9AAA-E17ABB6AFDBC}.Debug|Any CPU.ActiveCfg = Debug|iPhoneSimulator
		{AF87444C-8C94-4C7A-9AAA-E17ABB6AFDBC}.Debug|Any CPU.Build.0 = Debug|iPhoneSimulator
		{AF87444C-8C94-4C7A-9AAA-E17ABB6AFDBC}.Debug|Any CPU.Deploy.0 = Debug|iPhoneSimulator
		{AF87444C-8C94-4C7A-9AAA-E17ABB6AFDBC}.Debug|ARM.ActiveCfg = Debug|iPhone
		{AF87444C-8C94-4C7A-9AAA-E17ABB6AFDBC}.Debug|ARM.Build.0 = Debug|iPhone
		{AF87444C-8C94-4C7A-9AAA-E17ABB6AFDBC}.Debug|ARM.Deploy.0 = Debug|iPhone
		{AF87444C-8C94-4C7A-9AAA-E17ABB6AFDBC}.Debug|iPhone.ActiveCfg = Debug|iPhone
		{AF87444C-8C94-4C7A-9AAA-E17ABB6AFDBC}.Debug|iPhone.Build.0 = Debug|iPhone
		{AF87444C-8C94-4C7A-9AAA-E17ABB6AFDBC}.Debug|iPhone.Deploy.0 = Debug|iPhone
		{AF87444C-8C94-4C7A-9AAA-E17ABB6AFDBC}.Debug|iPhoneSimulator.ActiveCfg = Debug|iPhoneSimulator
		{AF87444C-8C94-4C7A-9AAA-E17ABB6AFDBC}.Debug|iPhoneSimulator.Build.0 = Debug|iPhoneSimulator
		{AF87444C-8C94-4C7A-9AAA-E17ABB6AFDBC}.Debug|iPhoneSimulator.Deploy.0 = Debug|iPhoneSimulator
		{AF87444C-8C94-4C7A-9AAA-E17ABB6AFDBC}.Debug|x64.ActiveCfg = Debug|iPhone
		{AF87444C-8C94-4C7A-9AAA-E17ABB6AFDBC}.Debug|x64.Build.0 = Debug|iPhone
		{AF87444C-8C94-4C7A-9AAA-E17ABB6AFDBC}.Debug|x64.Deploy.0 = Debug|iPhone
		{AF87444C-8C94-4C7A-9AAA-E17ABB6AFDBC}.Debug|x86.ActiveCfg = Debug|iPhone
		{AF87444C-8C94-4C7A-9AAA-E17ABB6AFDBC}.Debug|x86.Build.0 = Debug|iPhone
		{AF87444C-8C94-4C7A-9AAA-E17ABB6AFDBC}.Debug|x86.Deploy.0 = Debug|iPhone
		{AF87444C-8C94-4C7A-9AAA-E17ABB6AFDBC}.Release|Any CPU.ActiveCfg = Release|iPhone
		{AF87444C-8C94-4C7A-9AAA-E17ABB6AFDBC}.Release|Any CPU.Build.0 = Release|iPhone
		{AF87444C-8C94-4C7A-9AAA-E17ABB6AFDBC}.Release|Any CPU.Deploy.0 = Release|iPhone
		{AF87444C-8C94-4C7A-9AAA-E17ABB6AFDBC}.Release|ARM.ActiveCfg = Release|iPhone
		{AF87444C-8C94-4C7A-9AAA-E17ABB6AFDBC}.Release|ARM.Build.0 = Release|iPhone
		{AF87444C-8C94-4C7A-9AAA-E17ABB6AFDBC}.Release|ARM.Deploy.0 = Release|iPhone
		{AF87444C-8C94-4C7A-9AAA-E17ABB6AFDBC}.Release|iPhone.ActiveCfg = Release|iPhone
		{AF87444C-8C94-4C7A-9AAA-E17ABB6AFDBC}.Release|iPhone.Build.0 = Release|iPhone
		{AF87444C-8C94-4C7A-9AAA-E17ABB6AFDBC}.Release|iPhone.Deploy.0 = Release|iPhone
		{AF87444C-8C94-4C7A-9AAA-E17ABB6AFDBC}.Release|iPhoneSimulator.ActiveCfg = Release|iPhoneSimulator
		{AF87444C-8C94-4C7A-9AAA-E17ABB6AFDBC}.Release|iPhoneSimulator.Build.0 = Release|iPhoneSimulator
		{AF87444C-8C94-4C7A-9AAA-E17ABB6AFDBC}.Release|iPhoneSimulator.Deploy.0 = Release|iPhoneSimulator
		{AF87444C-8C94-4C7A-9AAA-E17ABB6AFDBC}.Release|x64.ActiveCfg = Release|iPhone
		{AF87444C-8C94-4C7A-9AAA-E17ABB6AFDBC}.Release|x64.Build.0 = Release|iPhone
		{AF87444C-8C94-4C7A-9AAA-E17ABB6AFDBC}.Release|x64.Deploy.0 = Release|iPhone
		{AF87444C-8C94-4C7A-9AAA-E17ABB6AFDBC}.Release|x86.ActiveCfg = Release|iPhone
		{AF87444C-8C94-4C7A-9AAA-E17ABB6AFDBC}.Release|x86.Build.0 = Release|iPhone
		{AF87444C-8C94-4C7A-9AAA-E17ABB6AFDBC}.Release|x86.Deploy.0 = Release|iPhone
		{BA954F70-62B9-46FD-A04B-390EFCAC33EA}.Ad-Hoc|Any CPU.ActiveCfg = Release|x86
		{BA954F70-62B9-46FD-A04B-390EFCAC33EA}.Ad-Hoc|Any CPU.Build.0 = Release|x86
		{BA954F70-62B9-46FD-A04B-390EFCAC33EA}.Ad-Hoc|Any CPU.Deploy.0 = Release|x86
		{BA954F70-62B9-46FD-A04B-390EFCAC33EA}.Ad-Hoc|ARM.ActiveCfg = Release|ARM
		{BA954F70-62B9-46FD-A04B-390EFCAC33EA}.Ad-Hoc|ARM.Build.0 = Release|ARM
		{BA954F70-62B9-46FD-A04B-390EFCAC33EA}.Ad-Hoc|ARM.Deploy.0 = Release|ARM
		{BA954F70-62B9-46FD-A04B-390EFCAC33EA}.Ad-Hoc|iPhone.ActiveCfg = Release|x86
		{BA954F70-62B9-46FD-A04B-390EFCAC33EA}.Ad-Hoc|iPhone.Build.0 = Release|x86
		{BA954F70-62B9-46FD-A04B-390EFCAC33EA}.Ad-Hoc|iPhone.Deploy.0 = Release|x86
		{BA954F70-62B9-46FD-A04B-390EFCAC33EA}.Ad-Hoc|iPhoneSimulator.ActiveCfg = Release|x86
		{BA954F70-62B9-46FD-A04B-390EFCAC33EA}.Ad-Hoc|iPhoneSimulator.Build.0 = Release|x86
		{BA954F70-62B9-46FD-A04B-390EFCAC33EA}.Ad-Hoc|iPhoneSimulator.Deploy.0 = Release|x86
		{BA954F70-62B9-46FD-A04B-390EFCAC33EA}.Ad-Hoc|x64.ActiveCfg = Release|x64
		{BA954F70-62B9-46FD-A04B-390EFCAC33EA}.Ad-Hoc|x64.Build.0 = Release|x64
		{BA954F70-62B9-46FD-A04B-390EFCAC33EA}.Ad-Hoc|x64.Deploy.0 = Release|x64
		{BA954F70-62B9-46FD-A04B-390EFCAC33EA}.Ad-Hoc|x86.ActiveCfg = Release|x86
		{BA954F70-62B9-46FD-A04B-390EFCAC33EA}.Ad-Hoc|x86.Build.0 = Release|x86
		{BA954F70-62B9-46FD-A04B-390EFCAC33EA}.Ad-Hoc|x86.Deploy.0 = Release|x86
		{BA954F70-62B9-46FD-A04B-390EFCAC33EA}.AppStore|Any CPU.ActiveCfg = Release|x86
		{BA954F70-62B9-46FD-A04B-390EFCAC33EA}.AppStore|Any CPU.Build.0 = Release|x86
		{BA954F70-62B9-46FD-A04B-390EFCAC33EA}.AppStore|Any CPU.Deploy.0 = Release|x86
		{BA954F70-62B9-46FD-A04B-390EFCAC33EA}.AppStore|ARM.ActiveCfg = Release|ARM
		{BA954F70-62B9-46FD-A04B-390EFCAC33EA}.AppStore|ARM.Build.0 = Release|ARM
		{BA954F70-62B9-46FD-A04B-390EFCAC33EA}.AppStore|ARM.Deploy.0 = Release|ARM
		{BA954F70-62B9-46FD-A04B-390EFCAC33EA}.AppStore|iPhone.ActiveCfg = Release|x86
		{BA954F70-62B9-46FD-A04B-390EFCAC33EA}.AppStore|iPhone.Build.0 = Release|x86
		{BA954F70-62B9-46FD-A04B-390EFCAC33EA}.AppStore|iPhone.Deploy.0 = Release|x86
		{BA954F70-62B9-46FD-A04B-390EFCAC33EA}.AppStore|iPhoneSimulator.ActiveCfg = Release|x86
		{BA954F70-62B9-46FD-A04B-390EFCAC33EA}.AppStore|iPhoneSimulator.Build.0 = Release|x86
		{BA954F70-62B9-46FD-A04B-390EFCAC33EA}.AppStore|iPhoneSimulator.Deploy.0 = Release|x86
		{BA954F70-62B9-46FD-A04B-390EFCAC33EA}.AppStore|x64.ActiveCfg = Release|x64
		{BA954F70-62B9-46FD-A04B-390EFCAC33EA}.AppStore|x64.Build.0 = Release|x64
		{BA954F70-62B9-46FD-A04B-390EFCAC33EA}.AppStore|x64.Deploy.0 = Release|x64
		{BA954F70-62B9-46FD-A04B-390EFCAC33EA}.AppStore|x86.ActiveCfg = Release|x86
		{BA954F70-62B9-46FD-A04B-390EFCAC33EA}.AppStore|x86.Build.0 = Release|x86
		{BA954F70-62B9-46FD-A04B-390EFCAC33EA}.AppStore|x86.Deploy.0 = Release|x86
		{BA954F70-62B9-46FD-A04B-390EFCAC33EA}.Debug|Any CPU.ActiveCfg = Debug|x86
		{BA954F70-62B9-46FD-A04B-390EFCAC33EA}.Debug|Any CPU.Build.0 = Debug|x86
		{BA954F70-62B9-46FD-A04B-390EFCAC33EA}.Debug|Any CPU.Deploy.0 = Debug|x86
		{BA954F70-62B9-46FD-A04B-390EFCAC33EA}.Debug|ARM.ActiveCfg = Debug|ARM
		{BA954F70-62B9-46FD-A04B-390EFCAC33EA}.Debug|ARM.Build.0 = Debug|ARM
		{BA954F70-62B9-46FD-A04B-390EFCAC33EA}.Debug|ARM.Deploy.0 = Debug|ARM
		{BA954F70-62B9-46FD-A04B-390EFCAC33EA}.Debug|iPhone.ActiveCfg = Debug|x86
		{BA954F70-62B9-46FD-A04B-390EFCAC33EA}.Debug|iPhone.Build.0 = Debug|x86
		{BA954F70-62B9-46FD-A04B-390EFCAC33EA}.Debug|iPhone.Deploy.0 = Debug|x86
		{BA954F70-62B9-46FD-A04B-390EFCAC33EA}.Debug|iPhoneSimulator.ActiveCfg = Debug|x86
		{BA954F70-62B9-46FD-A04B-390EFCAC33EA}.Debug|iPhoneSimulator.Build.0 = Debug|x86
		{BA954F70-62B9-46FD-A04B-390EFCAC33EA}.Debug|iPhoneSimulator.Deploy.0 = Debug|x86
		{BA954F70-62B9-46FD-A04B-390EFCAC33EA}.Debug|x64.ActiveCfg = Debug|x64
		{BA954F70-62B9-46FD-A04B-390EFCAC33EA}.Debug|x64.Build.0 = Debug|x64
		{BA954F70-62B9-46FD-A04B-390EFCAC33EA}.Debug|x64.Deploy.0 = Debug|x64
		{BA954F70-62B9-46FD-A04B-390EFCAC33EA}.Debug|x86.ActiveCfg = Debug|x86
		{BA954F70-62B9-46FD-A04B-390EFCAC33EA}.Debug|x86.Build.0 = Debug|x86
		{BA954F70-62B9-46FD-A04B-390EFCAC33EA}.Debug|x86.Deploy.0 = Debug|x86
		{BA954F70-62B9-46FD-A04B-390EFCAC33EA}.Release|Any CPU.ActiveCfg = Release|x86
		{BA954F70-62B9-46FD-A04B-390EFCAC33EA}.Release|Any CPU.Build.0 = Release|x86
		{BA954F70-62B9-46FD-A04B-390EFCAC33EA}.Release|Any CPU.Deploy.0 = Release|x86
		{BA954F70-62B9-46FD-A04B-390EFCAC33EA}.Release|ARM.ActiveCfg = Release|ARM
		{BA954F70-62B9-46FD-A04B-390EFCAC33EA}.Release|ARM.Build.0 = Release|ARM
		{BA954F70-62B9-46FD-A04B-390EFCAC33EA}.Release|ARM.Deploy.0 = Release|ARM
		{BA954F70-62B9-46FD-A04B-390EFCAC33EA}.Release|iPhone.ActiveCfg = Release|x86
		{BA954F70-62B9-46FD-A04B-390EFCAC33EA}.Release|iPhone.Build.0 = Release|x86
		{BA954F70-62B9-46FD-A04B-390EFCAC33EA}.Release|iPhone.Deploy.0 = Release|x86
		{BA954F70-62B9-46FD-A04B-390EFCAC33EA}.Release|iPhoneSimulator.ActiveCfg = Release|x86
		{BA954F70-62B9-46FD-A04B-390EFCAC33EA}.Release|iPhoneSimulator.Build.0 = Release|x86
		{BA954F70-62B9-46FD-A04B-390EFCAC33EA}.Release|iPhoneSimulator.Deploy.0 = Release|x86
		{BA954F70-62B9-46FD-A04B-390EFCAC33EA}.Release|x64.ActiveCfg = Release|x64
		{BA954F70-62B9-46FD-A04B-390EFCAC33EA}.Release|x64.Build.0 = Release|x64
		{BA954F70-62B9-46FD-A04B-390EFCAC33EA}.Release|x64.Deploy.0 = Release|x64
		{BA954F70-62B9-46FD-A04B-390EFCAC33EA}.Release|x86.ActiveCfg = Release|x86
		{BA954F70-62B9-46FD-A04B-390EFCAC33EA}.Release|x86.Build.0 = Release|x86
		{BA954F70-62B9-46FD-A04B-390EFCAC33EA}.Release|x86.Deploy.0 = Release|x86
		{6C47A0C7-8DFF-4AFB-8E37-3934BB4905BE}.Ad-Hoc|Any CPU.ActiveCfg = Debug|Any CPU
		{6C47A0C7-8DFF-4AFB-8E37-3934BB4905BE}.Ad-Hoc|Any CPU.Build.0 = Debug|Any CPU
		{6C47A0C7-8DFF-4AFB-8E37-3934BB4905BE}.Ad-Hoc|Any CPU.Deploy.0 = Debug|Any CPU
		{6C47A0C7-8DFF-4AFB-8E37-3934BB4905BE}.Ad-Hoc|ARM.ActiveCfg = Debug|Any CPU
		{6C47A0C7-8DFF-4AFB-8E37-3934BB4905BE}.Ad-Hoc|ARM.Build.0 = Debug|Any CPU
		{6C47A0C7-8DFF-4AFB-8E37-3934BB4905BE}.Ad-Hoc|ARM.Deploy.0 = Debug|Any CPU
		{6C47A0C7-8DFF-4AFB-8E37-3934BB4905BE}.Ad-Hoc|iPhone.ActiveCfg = Debug|Any CPU
		{6C47A0C7-8DFF-4AFB-8E37-3934BB4905BE}.Ad-Hoc|iPhone.Build.0 = Debug|Any CPU
		{6C47A0C7-8DFF-4AFB-8E37-3934BB4905BE}.Ad-Hoc|iPhone.Deploy.0 = Debug|Any CPU
		{6C47A0C7-8DFF-4AFB-8E37-3934BB4905BE}.Ad-Hoc|iPhoneSimulator.ActiveCfg = Debug|Any CPU
		{6C47A0C7-8DFF-4AFB-8E37-3934BB4905BE}.Ad-Hoc|iPhoneSimulator.Build.0 = Debug|Any CPU
		{6C47A0C7-8DFF-4AFB-8E37-3934BB4905BE}.Ad-Hoc|iPhoneSimulator.Deploy.0 = Debug|Any CPU
		{6C47A0C7-8DFF-4AFB-8E37-3934BB4905BE}.Ad-Hoc|x64.ActiveCfg = Debug|Any CPU
		{6C47A0C7-8DFF-4AFB-8E37-3934BB4905BE}.Ad-Hoc|x64.Build.0 = Debug|Any CPU
		{6C47A0C7-8DFF-4AFB-8E37-3934BB4905BE}.Ad-Hoc|x64.Deploy.0 = Debug|Any CPU
		{6C47A0C7-8DFF-4AFB-8E37-3934BB4905BE}.Ad-Hoc|x86.ActiveCfg = Debug|Any CPU
		{6C47A0C7-8DFF-4AFB-8E37-3934BB4905BE}.Ad-Hoc|x86.Build.0 = Debug|Any CPU
		{6C47A0C7-8DFF-4AFB-8E37-3934BB4905BE}.Ad-Hoc|x86.Deploy.0 = Debug|Any CPU
		{6C47A0C7-8DFF-4AFB-8E37-3934BB4905BE}.AppStore|Any CPU.ActiveCfg = Debug|Any CPU
		{6C47A0C7-8DFF-4AFB-8E37-3934BB4905BE}.AppStore|Any CPU.Build.0 = Debug|Any CPU
		{6C47A0C7-8DFF-4AFB-8E37-3934BB4905BE}.AppStore|Any CPU.Deploy.0 = Debug|Any CPU
		{6C47A0C7-8DFF-4AFB-8E37-3934BB4905BE}.AppStore|ARM.ActiveCfg = Debug|Any CPU
		{6C47A0C7-8DFF-4AFB-8E37-3934BB4905BE}.AppStore|ARM.Build.0 = Debug|Any CPU
		{6C47A0C7-8DFF-4AFB-8E37-3934BB4905BE}.AppStore|ARM.Deploy.0 = Debug|Any CPU
		{6C47A0C7-8DFF-4AFB-8E37-3934BB4905BE}.AppStore|iPhone.ActiveCfg = Debug|Any CPU
		{6C47A0C7-8DFF-4AFB-8E37-3934BB4905BE}.AppStore|iPhone.Build.0 = Debug|Any CPU
		{6C47A0C7-8DFF-4AFB-8E37-3934BB4905BE}.AppStore|iPhone.Deploy.0 = Debug|Any CPU
		{6C47A0C7-8DFF-4AFB-8E37-3934BB4905BE}.AppStore|iPhoneSimulator.ActiveCfg = Debug|Any CPU
		{6C47A0C7-8DFF-4AFB-8E37-3934BB4905BE}.AppStore|iPhoneSimulator.Build.0 = Debug|Any CPU
		{6C47A0C7-8DFF-4AFB-8E37-3934BB4905BE}.AppStore|iPhoneSimulator.Deploy.0 = Debug|Any CPU
		{6C47A0C7-8DFF-4AFB-8E37-3934BB4905BE}.AppStore|x64.ActiveCfg = Debug|Any CPU
		{6C47A0C7-8DFF-4AFB-8E37-3934BB4905BE}.AppStore|x64.Build.0 = Debug|Any CPU
		{6C47A0C7-8DFF-4AFB-8E37-3934BB4905BE}.AppStore|x64.Deploy.0 = Debug|Any CPU
		{6C47A0C7-8DFF-4AFB-8E37-3934BB4905BE}.AppStore|x86.ActiveCfg = Debug|Any CPU
		{6C47A0C7-8DFF-4AFB-8E37-3934BB4905BE}.AppStore|x86.Build.0 = Debug|Any CPU
		{6C47A0C7-8DFF-4AFB-8E37-3934BB4905BE}.AppStore|x86.Deploy.0 = Debug|Any CPU
		{6C47A0C7-8DFF-4AFB-8E37-3934BB4905BE}.Debug|Any CPU.ActiveCfg = Debug|Any CPU
		{6C47A0C7-8DFF-4AFB-8E37-3934BB4905BE}.Debug|Any CPU.Build.0 = Debug|Any CPU
		{6C47A0C7-8DFF-4AFB-8E37-3934BB4905BE}.Debug|Any CPU.Deploy.0 = Debug|Any CPU
		{6C47A0C7-8DFF-4AFB-8E37-3934BB4905BE}.Debug|ARM.ActiveCfg = Debug|Any CPU
		{6C47A0C7-8DFF-4AFB-8E37-3934BB4905BE}.Debug|ARM.Build.0 = Debug|Any CPU
		{6C47A0C7-8DFF-4AFB-8E37-3934BB4905BE}.Debug|ARM.Deploy.0 = Debug|Any CPU
		{6C47A0C7-8DFF-4AFB-8E37-3934BB4905BE}.Debug|iPhone.ActiveCfg = Debug|Any CPU
		{6C47A0C7-8DFF-4AFB-8E37-3934BB4905BE}.Debug|iPhone.Build.0 = Debug|Any CPU
		{6C47A0C7-8DFF-4AFB-8E37-3934BB4905BE}.Debug|iPhone.Deploy.0 = Debug|Any CPU
		{6C47A0C7-8DFF-4AFB-8E37-3934BB4905BE}.Debug|iPhoneSimulator.ActiveCfg = Debug|Any CPU
		{6C47A0C7-8DFF-4AFB-8E37-3934BB4905BE}.Debug|iPhoneSimulator.Build.0 = Debug|Any CPU
		{6C47A0C7-8DFF-4AFB-8E37-3934BB4905BE}.Debug|iPhoneSimulator.Deploy.0 = Debug|Any CPU
		{6C47A0C7-8DFF-4AFB-8E37-3934BB4905BE}.Debug|x64.ActiveCfg = Debug|Any CPU
		{6C47A0C7-8DFF-4AFB-8E37-3934BB4905BE}.Debug|x64.Build.0 = Debug|Any CPU
		{6C47A0C7-8DFF-4AFB-8E37-3934BB4905BE}.Debug|x64.Deploy.0 = Debug|Any CPU
		{6C47A0C7-8DFF-4AFB-8E37-3934BB4905BE}.Debug|x86.ActiveCfg = Debug|Any CPU
		{6C47A0C7-8DFF-4AFB-8E37-3934BB4905BE}.Debug|x86.Build.0 = Debug|Any CPU
		{6C47A0C7-8DFF-4AFB-8E37-3934BB4905BE}.Debug|x86.Deploy.0 = Debug|Any CPU
		{6C47A0C7-8DFF-4AFB-8E37-3934BB4905BE}.Release|Any CPU.ActiveCfg = Release|Any CPU
		{6C47A0C7-8DFF-4AFB-8E37-3934BB4905BE}.Release|Any CPU.Build.0 = Release|Any CPU
		{6C47A0C7-8DFF-4AFB-8E37-3934BB4905BE}.Release|Any CPU.Deploy.0 = Release|Any CPU
		{6C47A0C7-8DFF-4AFB-8E37-3934BB4905BE}.Release|ARM.ActiveCfg = Release|Any CPU
		{6C47A0C7-8DFF-4AFB-8E37-3934BB4905BE}.Release|ARM.Build.0 = Release|Any CPU
		{6C47A0C7-8DFF-4AFB-8E37-3934BB4905BE}.Release|ARM.Deploy.0 = Release|Any CPU
		{6C47A0C7-8DFF-4AFB-8E37-3934BB4905BE}.Release|iPhone.ActiveCfg = Release|Any CPU
		{6C47A0C7-8DFF-4AFB-8E37-3934BB4905BE}.Release|iPhone.Build.0 = Release|Any CPU
		{6C47A0C7-8DFF-4AFB-8E37-3934BB4905BE}.Release|iPhone.Deploy.0 = Release|Any CPU
		{6C47A0C7-8DFF-4AFB-8E37-3934BB4905BE}.Release|iPhoneSimulator.ActiveCfg = Release|Any CPU
		{6C47A0C7-8DFF-4AFB-8E37-3934BB4905BE}.Release|iPhoneSimulator.Build.0 = Release|Any CPU
		{6C47A0C7-8DFF-4AFB-8E37-3934BB4905BE}.Release|iPhoneSimulator.Deploy.0 = Release|Any CPU
		{6C47A0C7-8DFF-4AFB-8E37-3934BB4905BE}.Release|x64.ActiveCfg = Release|Any CPU
		{6C47A0C7-8DFF-4AFB-8E37-3934BB4905BE}.Release|x64.Build.0 = Release|Any CPU
		{6C47A0C7-8DFF-4AFB-8E37-3934BB4905BE}.Release|x64.Deploy.0 = Release|Any CPU
		{6C47A0C7-8DFF-4AFB-8E37-3934BB4905BE}.Release|x86.ActiveCfg = Release|Any CPU
		{6C47A0C7-8DFF-4AFB-8E37-3934BB4905BE}.Release|x86.Build.0 = Release|Any CPU
		{6C47A0C7-8DFF-4AFB-8E37-3934BB4905BE}.Release|x86.Deploy.0 = Release|Any CPU
	EndGlobalSection
	GlobalSection(SolutionProperties) = preSolution
		HideSolutionNode = FALSE
	EndGlobalSection
	GlobalSection(ExtensibilityGlobals) = postSolution
		SolutionGuid = {53EAB0FC-A6F1-4D6B-A0C7-78545931E190}
	EndGlobalSection
EndGlobal
