
Microsoft Visual Studio Solution File, Format Version 12.00
# Visual Studio 15
VisualStudioVersion = 15.0.27703.2026
MinimumVisualStudioVersion = 10.0.40219.1
Project("{9A19103F-16F7-4668-BE54-9A1E7A4F7556}") = "prototype", "prototype\prototype\prototype.csproj", "{66D31F32-BA9D-400E-B019-E3A0CC330A0A}"
EndProject
Project("{FAE04EC0-301F-11D3-BF4B-00C04F79EFBC}") = "prototype.Android", "prototype\prototype.Android\prototype.Android.csproj", "{0C7C92B4-B86F-4050-BE4E-7147EED101D9}"
EndProject
Project("{FAE04EC0-301F-11D3-BF4B-00C04F79EFBC}") = "prototype.iOS", "prototype\prototype.iOS\prototype.iOS.csproj", "{9AEE134C-1E98-483A-BEC4-63408318F0BF}"
EndProject
Project("{FAE04EC0-301F-11D3-BF4B-00C04F79EFBC}") = "prototype.UWP", "prototype\prototype.UWP\prototype.UWP.csproj", "{7D4789C8-22A4-436C-9E3E-A4E49750DB07}"
EndProject
Global
	GlobalSection(SolutionConfigurationPlatforms) = preSolution
		Ad-Hoc|Any CPU = Ad-Hoc|Any CPU
		Ad-Hoc|ARM = Ad-Hoc|ARM
		Ad-Hoc|iPhone = Ad-Hoc|iPhone
		Ad-Hoc|iPhoneSimulator = Ad-Hoc|iPhoneSimulator
		Ad-Hoc|x64 = Ad-Hoc|x64
		Ad-Hoc|x86 = Ad-Hoc|x86
		AppStore|Any CPU = AppStore|Any CPU
		AppStore|ARM = AppStore|ARM
		AppStore|iPhone = AppStore|iPhone
		AppStore|iPhoneSimulator = AppStore|iPhoneSimulator
		AppStore|x64 = AppStore|x64
		AppStore|x86 = AppStore|x86
		Debug|Any CPU = Debug|Any CPU
		Debug|ARM = Debug|ARM
		Debug|iPhone = Debug|iPhone
		Debug|iPhoneSimulator = Debug|iPhoneSimulator
		Debug|x64 = Debug|x64
		Debug|x86 = Debug|x86
		Release|Any CPU = Release|Any CPU
		Release|ARM = Release|ARM
		Release|iPhone = Release|iPhone
		Release|iPhoneSimulator = Release|iPhoneSimulator
		Release|x64 = Release|x64
		Release|x86 = Release|x86
	EndGlobalSection
	GlobalSection(ProjectConfigurationPlatforms) = postSolution
		{66D31F32-BA9D-400E-B019-E3A0CC330A0A}.Ad-Hoc|Any CPU.ActiveCfg = Debug|Any CPU
		{66D31F32-BA9D-400E-B019-E3A0CC330A0A}.Ad-Hoc|Any CPU.Build.0 = Debug|Any CPU
		{66D31F32-BA9D-400E-B019-E3A0CC330A0A}.Ad-Hoc|ARM.ActiveCfg = Debug|Any CPU
		{66D31F32-BA9D-400E-B019-E3A0CC330A0A}.Ad-Hoc|ARM.Build.0 = Debug|Any CPU
		{66D31F32-BA9D-400E-B019-E3A0CC330A0A}.Ad-Hoc|iPhone.ActiveCfg = Debug|Any CPU
		{66D31F32-BA9D-400E-B019-E3A0CC330A0A}.Ad-Hoc|iPhone.Build.0 = Debug|Any CPU
		{66D31F32-BA9D-400E-B019-E3A0CC330A0A}.Ad-Hoc|iPhoneSimulator.ActiveCfg = Debug|Any CPU
		{66D31F32-BA9D-400E-B019-E3A0CC330A0A}.Ad-Hoc|iPhoneSimulator.Build.0 = Debug|Any CPU
		{66D31F32-BA9D-400E-B019-E3A0CC330A0A}.Ad-Hoc|x64.ActiveCfg = Debug|Any CPU
		{66D31F32-BA9D-400E-B019-E3A0CC330A0A}.Ad-Hoc|x64.Build.0 = Debug|Any CPU
		{66D31F32-BA9D-400E-B019-E3A0CC330A0A}.Ad-Hoc|x86.ActiveCfg = Debug|Any CPU
		{66D31F32-BA9D-400E-B019-E3A0CC330A0A}.Ad-Hoc|x86.Build.0 = Debug|Any CPU
		{66D31F32-BA9D-400E-B019-E3A0CC330A0A}.AppStore|Any CPU.ActiveCfg = Debug|Any CPU
		{66D31F32-BA9D-400E-B019-E3A0CC330A0A}.AppStore|Any CPU.Build.0 = Debug|Any CPU
		{66D31F32-BA9D-400E-B019-E3A0CC330A0A}.AppStore|ARM.ActiveCfg = Debug|Any CPU
		{66D31F32-BA9D-400E-B019-E3A0CC330A0A}.AppStore|ARM.Build.0 = Debug|Any CPU
		{66D31F32-BA9D-400E-B019-E3A0CC330A0A}.AppStore|iPhone.ActiveCfg = Debug|Any CPU
		{66D31F32-BA9D-400E-B019-E3A0CC330A0A}.AppStore|iPhone.Build.0 = Debug|Any CPU
		{66D31F32-BA9D-400E-B019-E3A0CC330A0A}.AppStore|iPhoneSimulator.ActiveCfg = Debug|Any CPU
		{66D31F32-BA9D-400E-B019-E3A0CC330A0A}.AppStore|iPhoneSimulator.Build.0 = Debug|Any CPU
		{66D31F32-BA9D-400E-B019-E3A0CC330A0A}.AppStore|x64.ActiveCfg = Debug|Any CPU
		{66D31F32-BA9D-400E-B019-E3A0CC330A0A}.AppStore|x64.Build.0 = Debug|Any CPU
		{66D31F32-BA9D-400E-B019-E3A0CC330A0A}.AppStore|x86.ActiveCfg = Debug|Any CPU
		{66D31F32-BA9D-400E-B019-E3A0CC330A0A}.AppStore|x86.Build.0 = Debug|Any CPU
		{66D31F32-BA9D-400E-B019-E3A0CC330A0A}.Debug|Any CPU.ActiveCfg = Debug|Any CPU
		{66D31F32-BA9D-400E-B019-E3A0CC330A0A}.Debug|Any CPU.Build.0 = Debug|Any CPU
		{66D31F32-BA9D-400E-B019-E3A0CC330A0A}.Debug|ARM.ActiveCfg = Debug|Any CPU
		{66D31F32-BA9D-400E-B019-E3A0CC330A0A}.Debug|ARM.Build.0 = Debug|Any CPU
		{66D31F32-BA9D-400E-B019-E3A0CC330A0A}.Debug|iPhone.ActiveCfg = Debug|Any CPU
		{66D31F32-BA9D-400E-B019-E3A0CC330A0A}.Debug|iPhone.Build.0 = Debug|Any CPU
		{66D31F32-BA9D-400E-B019-E3A0CC330A0A}.Debug|iPhoneSimulator.ActiveCfg = Debug|Any CPU
		{66D31F32-BA9D-400E-B019-E3A0CC330A0A}.Debug|iPhoneSimulator.Build.0 = Debug|Any CPU
		{66D31F32-BA9D-400E-B019-E3A0CC330A0A}.Debug|x64.ActiveCfg = Debug|Any CPU
		{66D31F32-BA9D-400E-B019-E3A0CC330A0A}.Debug|x64.Build.0 = Debug|Any CPU
		{66D31F32-BA9D-400E-B019-E3A0CC330A0A}.Debug|x86.ActiveCfg = Debug|Any CPU
		{66D31F32-BA9D-400E-B019-E3A0CC330A0A}.Debug|x86.Build.0 = Debug|Any CPU
		{66D31F32-BA9D-400E-B019-E3A0CC330A0A}.Release|Any CPU.ActiveCfg = Release|Any CPU
		{66D31F32-BA9D-400E-B019-E3A0CC330A0A}.Release|Any CPU.Build.0 = Release|Any CPU
		{66D31F32-BA9D-400E-B019-E3A0CC330A0A}.Release|ARM.ActiveCfg = Release|Any CPU
		{66D31F32-BA9D-400E-B019-E3A0CC330A0A}.Release|ARM.Build.0 = Release|Any CPU
		{66D31F32-BA9D-400E-B019-E3A0CC330A0A}.Release|iPhone.ActiveCfg = Release|Any CPU
		{66D31F32-BA9D-400E-B019-E3A0CC330A0A}.Release|iPhone.Build.0 = Release|Any CPU
		{66D31F32-BA9D-400E-B019-E3A0CC330A0A}.Release|iPhoneSimulator.ActiveCfg = Release|Any CPU
		{66D31F32-BA9D-400E-B019-E3A0CC330A0A}.Release|iPhoneSimulator.Build.0 = Release|Any CPU
		{66D31F32-BA9D-400E-B019-E3A0CC330A0A}.Release|x64.ActiveCfg = Release|Any CPU
		{66D31F32-BA9D-400E-B019-E3A0CC330A0A}.Release|x64.Build.0 = Release|Any CPU
		{66D31F32-BA9D-400E-B019-E3A0CC330A0A}.Release|x86.ActiveCfg = Release|Any CPU
		{66D31F32-BA9D-400E-B019-E3A0CC330A0A}.Release|x86.Build.0 = Release|Any CPU
		{0C7C92B4-B86F-4050-BE4E-7147EED101D9}.Ad-Hoc|Any CPU.ActiveCfg = Release|Any CPU
		{0C7C92B4-B86F-4050-BE4E-7147EED101D9}.Ad-Hoc|Any CPU.Build.0 = Release|Any CPU
		{0C7C92B4-B86F-4050-BE4E-7147EED101D9}.Ad-Hoc|Any CPU.Deploy.0 = Release|Any CPU
		{0C7C92B4-B86F-4050-BE4E-7147EED101D9}.Ad-Hoc|ARM.ActiveCfg = Release|Any CPU
		{0C7C92B4-B86F-4050-BE4E-7147EED101D9}.Ad-Hoc|ARM.Build.0 = Release|Any CPU
		{0C7C92B4-B86F-4050-BE4E-7147EED101D9}.Ad-Hoc|ARM.Deploy.0 = Release|Any CPU
		{0C7C92B4-B86F-4050-BE4E-7147EED101D9}.Ad-Hoc|iPhone.ActiveCfg = Release|Any CPU
		{0C7C92B4-B86F-4050-BE4E-7147EED101D9}.Ad-Hoc|iPhone.Build.0 = Release|Any CPU
		{0C7C92B4-B86F-4050-BE4E-7147EED101D9}.Ad-Hoc|iPhone.Deploy.0 = Release|Any CPU
		{0C7C92B4-B86F-4050-BE4E-7147EED101D9}.Ad-Hoc|iPhoneSimulator.ActiveCfg = Release|Any CPU
		{0C7C92B4-B86F-4050-BE4E-7147EED101D9}.Ad-Hoc|iPhoneSimulator.Build.0 = Release|Any CPU
		{0C7C92B4-B86F-4050-BE4E-7147EED101D9}.Ad-Hoc|iPhoneSimulator.Deploy.0 = Release|Any CPU
		{0C7C92B4-B86F-4050-BE4E-7147EED101D9}.Ad-Hoc|x64.ActiveCfg = Release|Any CPU
		{0C7C92B4-B86F-4050-BE4E-7147EED101D9}.Ad-Hoc|x64.Build.0 = Release|Any CPU
		{0C7C92B4-B86F-4050-BE4E-7147EED101D9}.Ad-Hoc|x64.Deploy.0 = Release|Any CPU
		{0C7C92B4-B86F-4050-BE4E-7147EED101D9}.Ad-Hoc|x86.ActiveCfg = Release|Any CPU
		{0C7C92B4-B86F-4050-BE4E-7147EED101D9}.Ad-Hoc|x86.Build.0 = Release|Any CPU
		{0C7C92B4-B86F-4050-BE4E-7147EED101D9}.Ad-Hoc|x86.Deploy.0 = Release|Any CPU
		{0C7C92B4-B86F-4050-BE4E-7147EED101D9}.AppStore|Any CPU.ActiveCfg = Release|Any CPU
		{0C7C92B4-B86F-4050-BE4E-7147EED101D9}.AppStore|Any CPU.Build.0 = Release|Any CPU
		{0C7C92B4-B86F-4050-BE4E-7147EED101D9}.AppStore|Any CPU.Deploy.0 = Release|Any CPU
		{0C7C92B4-B86F-4050-BE4E-7147EED101D9}.AppStore|ARM.ActiveCfg = Release|Any CPU
		{0C7C92B4-B86F-4050-BE4E-7147EED101D9}.AppStore|ARM.Build.0 = Release|Any CPU
		{0C7C92B4-B86F-4050-BE4E-7147EED101D9}.AppStore|ARM.Deploy.0 = Release|Any CPU
		{0C7C92B4-B86F-4050-BE4E-7147EED101D9}.AppStore|iPhone.ActiveCfg = Release|Any CPU
		{0C7C92B4-B86F-4050-BE4E-7147EED101D9}.AppStore|iPhone.Build.0 = Release|Any CPU
		{0C7C92B4-B86F-4050-BE4E-7147EED101D9}.AppStore|iPhone.Deploy.0 = Release|Any CPU
		{0C7C92B4-B86F-4050-BE4E-7147EED101D9}.AppStore|iPhoneSimulator.ActiveCfg = Release|Any CPU
		{0C7C92B4-B86F-4050-BE4E-7147EED101D9}.AppStore|iPhoneSimulator.Build.0 = Release|Any CPU
		{0C7C92B4-B86F-4050-BE4E-7147EED101D9}.AppStore|iPhoneSimulator.Deploy.0 = Release|Any CPU
		{0C7C92B4-B86F-4050-BE4E-7147EED101D9}.AppStore|x64.ActiveCfg = Release|Any CPU
		{0C7C92B4-B86F-4050-BE4E-7147EED101D9}.AppStore|x64.Build.0 = Release|Any CPU
		{0C7C92B4-B86F-4050-BE4E-7147EED101D9}.AppStore|x64.Deploy.0 = Release|Any CPU
		{0C7C92B4-B86F-4050-BE4E-7147EED101D9}.AppStore|x86.ActiveCfg = Release|Any CPU
		{0C7C92B4-B86F-4050-BE4E-7147EED101D9}.AppStore|x86.Build.0 = Release|Any CPU
		{0C7C92B4-B86F-4050-BE4E-7147EED101D9}.AppStore|x86.Deploy.0 = Release|Any CPU
		{0C7C92B4-B86F-4050-BE4E-7147EED101D9}.Debug|Any CPU.ActiveCfg = Debug|Any CPU
		{0C7C92B4-B86F-4050-BE4E-7147EED101D9}.Debug|Any CPU.Build.0 = Debug|Any CPU
		{0C7C92B4-B86F-4050-BE4E-7147EED101D9}.Debug|Any CPU.Deploy.0 = Debug|Any CPU
		{0C7C92B4-B86F-4050-BE4E-7147EED101D9}.Debug|ARM.ActiveCfg = Debug|Any CPU
		{0C7C92B4-B86F-4050-BE4E-7147EED101D9}.Debug|ARM.Build.0 = Debug|Any CPU
		{0C7C92B4-B86F-4050-BE4E-7147EED101D9}.Debug|ARM.Deploy.0 = Debug|Any CPU
		{0C7C92B4-B86F-4050-BE4E-7147EED101D9}.Debug|iPhone.ActiveCfg = Debug|Any CPU
		{0C7C92B4-B86F-4050-BE4E-7147EED101D9}.Debug|iPhone.Build.0 = Debug|Any CPU
		{0C7C92B4-B86F-4050-BE4E-7147EED101D9}.Debug|iPhone.Deploy.0 = Debug|Any CPU
		{0C7C92B4-B86F-4050-BE4E-7147EED101D9}.Debug|iPhoneSimulator.ActiveCfg = Debug|Any CPU
		{0C7C92B4-B86F-4050-BE4E-7147EED101D9}.Debug|iPhoneSimulator.Build.0 = Debug|Any CPU
		{0C7C92B4-B86F-4050-BE4E-7147EED101D9}.Debug|iPhoneSimulator.Deploy.0 = Debug|Any CPU
		{0C7C92B4-B86F-4050-BE4E-7147EED101D9}.Debug|x64.ActiveCfg = Debug|Any CPU
		{0C7C92B4-B86F-4050-BE4E-7147EED101D9}.Debug|x64.Build.0 = Debug|Any CPU
		{0C7C92B4-B86F-4050-BE4E-7147EED101D9}.Debug|x64.Deploy.0 = Debug|Any CPU
		{0C7C92B4-B86F-4050-BE4E-7147EED101D9}.Debug|x86.ActiveCfg = Debug|Any CPU
		{0C7C92B4-B86F-4050-BE4E-7147EED101D9}.Debug|x86.Build.0 = Debug|Any CPU
		{0C7C92B4-B86F-4050-BE4E-7147EED101D9}.Debug|x86.Deploy.0 = Debug|Any CPU
		{0C7C92B4-B86F-4050-BE4E-7147EED101D9}.Release|Any CPU.ActiveCfg = Release|Any CPU
		{0C7C92B4-B86F-4050-BE4E-7147EED101D9}.Release|Any CPU.Build.0 = Release|Any CPU
		{0C7C92B4-B86F-4050-BE4E-7147EED101D9}.Release|Any CPU.Deploy.0 = Release|Any CPU
		{0C7C92B4-B86F-4050-BE4E-7147EED101D9}.Release|ARM.ActiveCfg = Release|Any CPU
		{0C7C92B4-B86F-4050-BE4E-7147EED101D9}.Release|ARM.Build.0 = Release|Any CPU
		{0C7C92B4-B86F-4050-BE4E-7147EED101D9}.Release|ARM.Deploy.0 = Release|Any CPU
		{0C7C92B4-B86F-4050-BE4E-7147EED101D9}.Release|iPhone.ActiveCfg = Release|Any CPU
		{0C7C92B4-B86F-4050-BE4E-7147EED101D9}.Release|iPhone.Build.0 = Release|Any CPU
		{0C7C92B4-B86F-4050-BE4E-7147EED101D9}.Release|iPhone.Deploy.0 = Release|Any CPU
		{0C7C92B4-B86F-4050-BE4E-7147EED101D9}.Release|iPhoneSimulator.ActiveCfg = Release|Any CPU
		{0C7C92B4-B86F-4050-BE4E-7147EED101D9}.Release|iPhoneSimulator.Build.0 = Release|Any CPU
		{0C7C92B4-B86F-4050-BE4E-7147EED101D9}.Release|iPhoneSimulator.Deploy.0 = Release|Any CPU
		{0C7C92B4-B86F-4050-BE4E-7147EED101D9}.Release|x64.ActiveCfg = Release|Any CPU
		{0C7C92B4-B86F-4050-BE4E-7147EED101D9}.Release|x64.Build.0 = Release|Any CPU
		{0C7C92B4-B86F-4050-BE4E-7147EED101D9}.Release|x64.Deploy.0 = Release|Any CPU
		{0C7C92B4-B86F-4050-BE4E-7147EED101D9}.Release|x86.ActiveCfg = Release|Any CPU
		{0C7C92B4-B86F-4050-BE4E-7147EED101D9}.Release|x86.Build.0 = Release|Any CPU
		{0C7C92B4-B86F-4050-BE4E-7147EED101D9}.Release|x86.Deploy.0 = Release|Any CPU
		{9AEE134C-1E98-483A-BEC4-63408318F0BF}.Ad-Hoc|Any CPU.ActiveCfg = Ad-Hoc|iPhone
		{9AEE134C-1E98-483A-BEC4-63408318F0BF}.Ad-Hoc|ARM.ActiveCfg = Ad-Hoc|iPhone
		{9AEE134C-1E98-483A-BEC4-63408318F0BF}.Ad-Hoc|iPhone.ActiveCfg = Ad-Hoc|iPhone
		{9AEE134C-1E98-483A-BEC4-63408318F0BF}.Ad-Hoc|iPhone.Build.0 = Ad-Hoc|iPhone
		{9AEE134C-1E98-483A-BEC4-63408318F0BF}.Ad-Hoc|iPhoneSimulator.ActiveCfg = Ad-Hoc|iPhoneSimulator
		{9AEE134C-1E98-483A-BEC4-63408318F0BF}.Ad-Hoc|iPhoneSimulator.Build.0 = Ad-Hoc|iPhoneSimulator
		{9AEE134C-1E98-483A-BEC4-63408318F0BF}.Ad-Hoc|x64.ActiveCfg = Ad-Hoc|iPhone
		{9AEE134C-1E98-483A-BEC4-63408318F0BF}.Ad-Hoc|x86.ActiveCfg = Ad-Hoc|iPhone
		{9AEE134C-1E98-483A-BEC4-63408318F0BF}.AppStore|Any CPU.ActiveCfg = AppStore|iPhone
		{9AEE134C-1E98-483A-BEC4-63408318F0BF}.AppStore|ARM.ActiveCfg = AppStore|iPhone
		{9AEE134C-1E98-483A-BEC4-63408318F0BF}.AppStore|iPhone.ActiveCfg = AppStore|iPhone
		{9AEE134C-1E98-483A-BEC4-63408318F0BF}.AppStore|iPhone.Build.0 = AppStore|iPhone
		{9AEE134C-1E98-483A-BEC4-63408318F0BF}.AppStore|iPhoneSimulator.ActiveCfg = AppStore|iPhoneSimulator
		{9AEE134C-1E98-483A-BEC4-63408318F0BF}.AppStore|iPhoneSimulator.Build.0 = AppStore|iPhoneSimulator
		{9AEE134C-1E98-483A-BEC4-63408318F0BF}.AppStore|x64.ActiveCfg = AppStore|iPhone
		{9AEE134C-1E98-483A-BEC4-63408318F0BF}.AppStore|x86.ActiveCfg = AppStore|iPhone
		{9AEE134C-1E98-483A-BEC4-63408318F0BF}.Debug|Any CPU.ActiveCfg = Debug|iPhone
		{9AEE134C-1E98-483A-BEC4-63408318F0BF}.Debug|ARM.ActiveCfg = Debug|iPhone
		{9AEE134C-1E98-483A-BEC4-63408318F0BF}.Debug|iPhone.ActiveCfg = Debug|iPhone
		{9AEE134C-1E98-483A-BEC4-63408318F0BF}.Debug|iPhone.Build.0 = Debug|iPhone
		{9AEE134C-1E98-483A-BEC4-63408318F0BF}.Debug|iPhoneSimulator.ActiveCfg = Debug|iPhoneSimulator
		{9AEE134C-1E98-483A-BEC4-63408318F0BF}.Debug|iPhoneSimulator.Build.0 = Debug|iPhoneSimulator
		{9AEE134C-1E98-483A-BEC4-63408318F0BF}.Debug|x64.ActiveCfg = Debug|iPhone
		{9AEE134C-1E98-483A-BEC4-63408318F0BF}.Debug|x86.ActiveCfg = Debug|iPhone
		{9AEE134C-1E98-483A-BEC4-63408318F0BF}.Release|Any CPU.ActiveCfg = Release|iPhone
		{9AEE134C-1E98-483A-BEC4-63408318F0BF}.Release|ARM.ActiveCfg = Release|iPhone
		{9AEE134C-1E98-483A-BEC4-63408318F0BF}.Release|iPhone.ActiveCfg = Release|iPhone
		{9AEE134C-1E98-483A-BEC4-63408318F0BF}.Release|iPhone.Build.0 = Release|iPhone
		{9AEE134C-1E98-483A-BEC4-63408318F0BF}.Release|iPhoneSimulator.ActiveCfg = Release|iPhoneSimulator
		{9AEE134C-1E98-483A-BEC4-63408318F0BF}.Release|iPhoneSimulator.Build.0 = Release|iPhoneSimulator
		{9AEE134C-1E98-483A-BEC4-63408318F0BF}.Release|x64.ActiveCfg = Release|iPhone
		{9AEE134C-1E98-483A-BEC4-63408318F0BF}.Release|x86.ActiveCfg = Release|iPhone
		{7D4789C8-22A4-436C-9E3E-A4E49750DB07}.Ad-Hoc|Any CPU.ActiveCfg = Release|x86
		{7D4789C8-22A4-436C-9E3E-A4E49750DB07}.Ad-Hoc|Any CPU.Build.0 = Release|x86
		{7D4789C8-22A4-436C-9E3E-A4E49750DB07}.Ad-Hoc|Any CPU.Deploy.0 = Release|x86
		{7D4789C8-22A4-436C-9E3E-A4E49750DB07}.Ad-Hoc|ARM.ActiveCfg = Release|ARM
		{7D4789C8-22A4-436C-9E3E-A4E49750DB07}.Ad-Hoc|ARM.Build.0 = Release|ARM
		{7D4789C8-22A4-436C-9E3E-A4E49750DB07}.Ad-Hoc|ARM.Deploy.0 = Release|ARM
		{7D4789C8-22A4-436C-9E3E-A4E49750DB07}.Ad-Hoc|iPhone.ActiveCfg = Release|x86
		{7D4789C8-22A4-436C-9E3E-A4E49750DB07}.Ad-Hoc|iPhone.Build.0 = Release|x86
		{7D4789C8-22A4-436C-9E3E-A4E49750DB07}.Ad-Hoc|iPhone.Deploy.0 = Release|x86
		{7D4789C8-22A4-436C-9E3E-A4E49750DB07}.Ad-Hoc|iPhoneSimulator.ActiveCfg = Release|x86
		{7D4789C8-22A4-436C-9E3E-A4E49750DB07}.Ad-Hoc|iPhoneSimulator.Build.0 = Release|x86
		{7D4789C8-22A4-436C-9E3E-A4E49750DB07}.Ad-Hoc|iPhoneSimulator.Deploy.0 = Release|x86
		{7D4789C8-22A4-436C-9E3E-A4E49750DB07}.Ad-Hoc|x64.ActiveCfg = Release|x64
		{7D4789C8-22A4-436C-9E3E-A4E49750DB07}.Ad-Hoc|x64.Build.0 = Release|x64
		{7D4789C8-22A4-436C-9E3E-A4E49750DB07}.Ad-Hoc|x64.Deploy.0 = Release|x64
		{7D4789C8-22A4-436C-9E3E-A4E49750DB07}.Ad-Hoc|x86.ActiveCfg = Release|x86
		{7D4789C8-22A4-436C-9E3E-A4E49750DB07}.Ad-Hoc|x86.Build.0 = Release|x86
		{7D4789C8-22A4-436C-9E3E-A4E49750DB07}.Ad-Hoc|x86.Deploy.0 = Release|x86
		{7D4789C8-22A4-436C-9E3E-A4E49750DB07}.AppStore|Any CPU.ActiveCfg = Release|x86
		{7D4789C8-22A4-436C-9E3E-A4E49750DB07}.AppStore|Any CPU.Build.0 = Release|x86
		{7D4789C8-22A4-436C-9E3E-A4E49750DB07}.AppStore|Any CPU.Deploy.0 = Release|x86
		{7D4789C8-22A4-436C-9E3E-A4E49750DB07}.AppStore|ARM.ActiveCfg = Release|ARM
		{7D4789C8-22A4-436C-9E3E-A4E49750DB07}.AppStore|ARM.Build.0 = Release|ARM
		{7D4789C8-22A4-436C-9E3E-A4E49750DB07}.AppStore|ARM.Deploy.0 = Release|ARM
		{7D4789C8-22A4-436C-9E3E-A4E49750DB07}.AppStore|iPhone.ActiveCfg = Release|x86
		{7D4789C8-22A4-436C-9E3E-A4E49750DB07}.AppStore|iPhone.Build.0 = Release|x86
		{7D4789C8-22A4-436C-9E3E-A4E49750DB07}.AppStore|iPhone.Deploy.0 = Release|x86
		{7D4789C8-22A4-436C-9E3E-A4E49750DB07}.AppStore|iPhoneSimulator.ActiveCfg = Release|x86
		{7D4789C8-22A4-436C-9E3E-A4E49750DB07}.AppStore|iPhoneSimulator.Build.0 = Release|x86
		{7D4789C8-22A4-436C-9E3E-A4E49750DB07}.AppStore|iPhoneSimulator.Deploy.0 = Release|x86
		{7D4789C8-22A4-436C-9E3E-A4E49750DB07}.AppStore|x64.ActiveCfg = Release|x64
		{7D4789C8-22A4-436C-9E3E-A4E49750DB07}.AppStore|x64.Build.0 = Release|x64
		{7D4789C8-22A4-436C-9E3E-A4E49750DB07}.AppStore|x64.Deploy.0 = Release|x64
		{7D4789C8-22A4-436C-9E3E-A4E49750DB07}.AppStore|x86.ActiveCfg = Release|x86
		{7D4789C8-22A4-436C-9E3E-A4E49750DB07}.AppStore|x86.Build.0 = Release|x86
		{7D4789C8-22A4-436C-9E3E-A4E49750DB07}.AppStore|x86.Deploy.0 = Release|x86
		{7D4789C8-22A4-436C-9E3E-A4E49750DB07}.Debug|Any CPU.ActiveCfg = Debug|x86
		{7D4789C8-22A4-436C-9E3E-A4E49750DB07}.Debug|ARM.ActiveCfg = Debug|ARM
		{7D4789C8-22A4-436C-9E3E-A4E49750DB07}.Debug|ARM.Build.0 = Debug|ARM
		{7D4789C8-22A4-436C-9E3E-A4E49750DB07}.Debug|ARM.Deploy.0 = Debug|ARM
		{7D4789C8-22A4-436C-9E3E-A4E49750DB07}.Debug|iPhone.ActiveCfg = Debug|x86
		{7D4789C8-22A4-436C-9E3E-A4E49750DB07}.Debug|iPhoneSimulator.ActiveCfg = Debug|x86
		{7D4789C8-22A4-436C-9E3E-A4E49750DB07}.Debug|x64.ActiveCfg = Debug|x64
		{7D4789C8-22A4-436C-9E3E-A4E49750DB07}.Debug|x64.Build.0 = Debug|x64
		{7D4789C8-22A4-436C-9E3E-A4E49750DB07}.Debug|x64.Deploy.0 = Debug|x64
		{7D4789C8-22A4-436C-9E3E-A4E49750DB07}.Debug|x86.ActiveCfg = Debug|x86
		{7D4789C8-22A4-436C-9E3E-A4E49750DB07}.Debug|x86.Build.0 = Debug|x86
		{7D4789C8-22A4-436C-9E3E-A4E49750DB07}.Debug|x86.Deploy.0 = Debug|x86
		{7D4789C8-22A4-436C-9E3E-A4E49750DB07}.Release|Any CPU.ActiveCfg = Release|x86
		{7D4789C8-22A4-436C-9E3E-A4E49750DB07}.Release|ARM.ActiveCfg = Release|ARM
		{7D4789C8-22A4-436C-9E3E-A4E49750DB07}.Release|ARM.Build.0 = Release|ARM
		{7D4789C8-22A4-436C-9E3E-A4E49750DB07}.Release|ARM.Deploy.0 = Release|ARM
		{7D4789C8-22A4-436C-9E3E-A4E49750DB07}.Release|iPhone.ActiveCfg = Release|x86
		{7D4789C8-22A4-436C-9E3E-A4E49750DB07}.Release|iPhoneSimulator.ActiveCfg = Release|x86
		{7D4789C8-22A4-436C-9E3E-A4E49750DB07}.Release|x64.ActiveCfg = Release|x64
		{7D4789C8-22A4-436C-9E3E-A4E49750DB07}.Release|x64.Build.0 = Release|x64
		{7D4789C8-22A4-436C-9E3E-A4E49750DB07}.Release|x64.Deploy.0 = Release|x64
		{7D4789C8-22A4-436C-9E3E-A4E49750DB07}.Release|x86.ActiveCfg = Release|x86
		{7D4789C8-22A4-436C-9E3E-A4E49750DB07}.Release|x86.Build.0 = Release|x86
		{7D4789C8-22A4-436C-9E3E-A4E49750DB07}.Release|x86.Deploy.0 = Release|x86
	EndGlobalSection
	GlobalSection(SolutionProperties) = preSolution
		HideSolutionNode = FALSE
	EndGlobalSection
	GlobalSection(ExtensibilityGlobals) = postSolution
		SolutionGuid = {550D6244-7CC4-4E38-BBBD-2F8DCCE0F459}
	EndGlobalSection
EndGlobal
